
Microsoft Visual Studio Solution File, Format Version 12.00
# Visual Studio 14
VisualStudioVersion = 14.0.25420.1
MinimumVisualStudioVersion = 10.0.40219.1
Project("{FAE04EC0-301F-11D3-BF4B-00C04F79EFBC}") = "ImageSearch", "ImageSearch\ImageSearch\ImageSearch.csproj", "{F63587A7-375F-44E9-B224-7CBFC4A381FD}"
EndProject
Project("{FAE04EC0-301F-11D3-BF4B-00C04F79EFBC}") = "ImageSearch.Droid", "ImageSearch\ImageSearch.Droid\ImageSearch.Droid.csproj", "{B15CB373-C0CC-4C0F-995A-7EFC5046C4E8}"
EndProject
Project("{FAE04EC0-301F-11D3-BF4B-00C04F79EFBC}") = "ImageSearch.iOS", "ImageSearch\ImageSearch.iOS\ImageSearch.iOS.csproj", "{E04D0472-8449-4E47-8A85-C57C6E48F448}"
EndProject
Project("{FAE04EC0-301F-11D3-BF4B-00C04F79EFBC}") = "ImageSearch.WinPhone", "ImageSearch\ImageSearch.WinPhone\ImageSearch.WinPhone.csproj", "{CEB7BE20-28D2-45BE-95AD-FB8C68F9812A}"
EndProject
Project("{FAE04EC0-301F-11D3-BF4B-00C04F79EFBC}") = "ImageSearch.UWP", "ImageSearch\ImageSearch.UWP\ImageSearch.UWP.csproj", "{8D7A4F30-EA95-4716-95BA-306F60EF683F}"
EndProject
Project("{FAE04EC0-301F-11D3-BF4B-00C04F79EFBC}") = "ImageSearch.Windows", "ImageSearch\ImageSearch.Windows\ImageSearch.Windows.csproj", "{1E244440-6B4D-4473-8C78-FC2FC92B6624}"
EndProject
Global
	GlobalSection(SolutionConfigurationPlatforms) = preSolution
		Ad-Hoc|Any CPU = Ad-Hoc|Any CPU
		Ad-Hoc|ARM = Ad-Hoc|ARM
		Ad-Hoc|iPhone = Ad-Hoc|iPhone
		Ad-Hoc|iPhoneSimulator = Ad-Hoc|iPhoneSimulator
		Ad-Hoc|x64 = Ad-Hoc|x64
		Ad-Hoc|x86 = Ad-Hoc|x86
		AppStore|Any CPU = AppStore|Any CPU
		AppStore|ARM = AppStore|ARM
		AppStore|iPhone = AppStore|iPhone
		AppStore|iPhoneSimulator = AppStore|iPhoneSimulator
		AppStore|x64 = AppStore|x64
		AppStore|x86 = AppStore|x86
		Debug|Any CPU = Debug|Any CPU
		Debug|ARM = Debug|ARM
		Debug|iPhone = Debug|iPhone
		Debug|iPhoneSimulator = Debug|iPhoneSimulator
		Debug|x64 = Debug|x64
		Debug|x86 = Debug|x86
		Release|Any CPU = Release|Any CPU
		Release|ARM = Release|ARM
		Release|iPhone = Release|iPhone
		Release|iPhoneSimulator = Release|iPhoneSimulator
		Release|x64 = Release|x64
		Release|x86 = Release|x86
	EndGlobalSection
	GlobalSection(ProjectConfigurationPlatforms) = postSolution
		{F63587A7-375F-44E9-B224-7CBFC4A381FD}.Ad-Hoc|Any CPU.ActiveCfg = Release|Any CPU
		{F63587A7-375F-44E9-B224-7CBFC4A381FD}.Ad-Hoc|Any CPU.Build.0 = Release|Any CPU
		{F63587A7-375F-44E9-B224-7CBFC4A381FD}.Ad-Hoc|ARM.ActiveCfg = Release|Any CPU
		{F63587A7-375F-44E9-B224-7CBFC4A381FD}.Ad-Hoc|ARM.Build.0 = Release|Any CPU
		{F63587A7-375F-44E9-B224-7CBFC4A381FD}.Ad-Hoc|iPhone.ActiveCfg = Release|Any CPU
		{F63587A7-375F-44E9-B224-7CBFC4A381FD}.Ad-Hoc|iPhone.Build.0 = Release|Any CPU
		{F63587A7-375F-44E9-B224-7CBFC4A381FD}.Ad-Hoc|iPhoneSimulator.ActiveCfg = Release|Any CPU
		{F63587A7-375F-44E9-B224-7CBFC4A381FD}.Ad-Hoc|iPhoneSimulator.Build.0 = Release|Any CPU
		{F63587A7-375F-44E9-B224-7CBFC4A381FD}.Ad-Hoc|x64.ActiveCfg = Release|Any CPU
		{F63587A7-375F-44E9-B224-7CBFC4A381FD}.Ad-Hoc|x64.Build.0 = Release|Any CPU
		{F63587A7-375F-44E9-B224-7CBFC4A381FD}.Ad-Hoc|x86.ActiveCfg = Release|Any CPU
		{F63587A7-375F-44E9-B224-7CBFC4A381FD}.Ad-Hoc|x86.Build.0 = Release|Any CPU
		{F63587A7-375F-44E9-B224-7CBFC4A381FD}.AppStore|Any CPU.ActiveCfg = Release|Any CPU
		{F63587A7-375F-44E9-B224-7CBFC4A381FD}.AppStore|Any CPU.Build.0 = Release|Any CPU
		{F63587A7-375F-44E9-B224-7CBFC4A381FD}.AppStore|ARM.ActiveCfg = Release|Any CPU
		{F63587A7-375F-44E9-B224-7CBFC4A381FD}.AppStore|ARM.Build.0 = Release|Any CPU
		{F63587A7-375F-44E9-B224-7CBFC4A381FD}.AppStore|iPhone.ActiveCfg = Release|Any CPU
		{F63587A7-375F-44E9-B224-7CBFC4A381FD}.AppStore|iPhone.Build.0 = Release|Any CPU
		{F63587A7-375F-44E9-B224-7CBFC4A381FD}.AppStore|iPhoneSimulator.ActiveCfg = Release|Any CPU
		{F63587A7-375F-44E9-B224-7CBFC4A381FD}.AppStore|iPhoneSimulator.Build.0 = Release|Any CPU
		{F63587A7-375F-44E9-B224-7CBFC4A381FD}.AppStore|x64.ActiveCfg = Release|Any CPU
		{F63587A7-375F-44E9-B224-7CBFC4A381FD}.AppStore|x64.Build.0 = Release|Any CPU
		{F63587A7-375F-44E9-B224-7CBFC4A381FD}.AppStore|x86.ActiveCfg = Release|Any CPU
		{F63587A7-375F-44E9-B224-7CBFC4A381FD}.AppStore|x86.Build.0 = Release|Any CPU
		{F63587A7-375F-44E9-B224-7CBFC4A381FD}.Debug|Any CPU.ActiveCfg = Debug|Any CPU
		{F63587A7-375F-44E9-B224-7CBFC4A381FD}.Debug|Any CPU.Build.0 = Debug|Any CPU
		{F63587A7-375F-44E9-B224-7CBFC4A381FD}.Debug|ARM.ActiveCfg = Debug|Any CPU
		{F63587A7-375F-44E9-B224-7CBFC4A381FD}.Debug|ARM.Build.0 = Debug|Any CPU
		{F63587A7-375F-44E9-B224-7CBFC4A381FD}.Debug|iPhone.ActiveCfg = Debug|Any CPU
		{F63587A7-375F-44E9-B224-7CBFC4A381FD}.Debug|iPhone.Build.0 = Debug|Any CPU
		{F63587A7-375F-44E9-B224-7CBFC4A381FD}.Debug|iPhoneSimulator.ActiveCfg = Debug|Any CPU
		{F63587A7-375F-44E9-B224-7CBFC4A381FD}.Debug|iPhoneSimulator.Build.0 = Debug|Any CPU
		{F63587A7-375F-44E9-B224-7CBFC4A381FD}.Debug|x64.ActiveCfg = Debug|Any CPU
		{F63587A7-375F-44E9-B224-7CBFC4A381FD}.Debug|x64.Build.0 = Debug|Any CPU
		{F63587A7-375F-44E9-B224-7CBFC4A381FD}.Debug|x86.ActiveCfg = Debug|Any CPU
		{F63587A7-375F-44E9-B224-7CBFC4A381FD}.Debug|x86.Build.0 = Debug|Any CPU
		{F63587A7-375F-44E9-B224-7CBFC4A381FD}.Release|Any CPU.ActiveCfg = Release|Any CPU
		{F63587A7-375F-44E9-B224-7CBFC4A381FD}.Release|Any CPU.Build.0 = Release|Any CPU
		{F63587A7-375F-44E9-B224-7CBFC4A381FD}.Release|ARM.ActiveCfg = Release|Any CPU
		{F63587A7-375F-44E9-B224-7CBFC4A381FD}.Release|ARM.Build.0 = Release|Any CPU
		{F63587A7-375F-44E9-B224-7CBFC4A381FD}.Release|iPhone.ActiveCfg = Release|Any CPU
		{F63587A7-375F-44E9-B224-7CBFC4A381FD}.Release|iPhone.Build.0 = Release|Any CPU
		{F63587A7-375F-44E9-B224-7CBFC4A381FD}.Release|iPhoneSimulator.ActiveCfg = Release|Any CPU
		{F63587A7-375F-44E9-B224-7CBFC4A381FD}.Release|iPhoneSimulator.Build.0 = Release|Any CPU
		{F63587A7-375F-44E9-B224-7CBFC4A381FD}.Release|x64.ActiveCfg = Release|Any CPU
		{F63587A7-375F-44E9-B224-7CBFC4A381FD}.Release|x64.Build.0 = Release|Any CPU
		{F63587A7-375F-44E9-B224-7CBFC4A381FD}.Release|x86.ActiveCfg = Release|Any CPU
		{F63587A7-375F-44E9-B224-7CBFC4A381FD}.Release|x86.Build.0 = Release|Any CPU
		{B15CB373-C0CC-4C0F-995A-7EFC5046C4E8}.Ad-Hoc|Any CPU.ActiveCfg = Release|Any CPU
		{B15CB373-C0CC-4C0F-995A-7EFC5046C4E8}.Ad-Hoc|Any CPU.Build.0 = Release|Any CPU
		{B15CB373-C0CC-4C0F-995A-7EFC5046C4E8}.Ad-Hoc|Any CPU.Deploy.0 = Release|Any CPU
		{B15CB373-C0CC-4C0F-995A-7EFC5046C4E8}.Ad-Hoc|ARM.ActiveCfg = Release|Any CPU
		{B15CB373-C0CC-4C0F-995A-7EFC5046C4E8}.Ad-Hoc|ARM.Build.0 = Release|Any CPU
		{B15CB373-C0CC-4C0F-995A-7EFC5046C4E8}.Ad-Hoc|ARM.Deploy.0 = Release|Any CPU
		{B15CB373-C0CC-4C0F-995A-7EFC5046C4E8}.Ad-Hoc|iPhone.ActiveCfg = Release|Any CPU
		{B15CB373-C0CC-4C0F-995A-7EFC5046C4E8}.Ad-Hoc|iPhone.Build.0 = Release|Any CPU
		{B15CB373-C0CC-4C0F-995A-7EFC5046C4E8}.Ad-Hoc|iPhone.Deploy.0 = Release|Any CPU
		{B15CB373-C0CC-4C0F-995A-7EFC5046C4E8}.Ad-Hoc|iPhoneSimulator.ActiveCfg = Release|Any CPU
		{B15CB373-C0CC-4C0F-995A-7EFC5046C4E8}.Ad-Hoc|iPhoneSimulator.Build.0 = Release|Any CPU
		{B15CB373-C0CC-4C0F-995A-7EFC5046C4E8}.Ad-Hoc|iPhoneSimulator.Deploy.0 = Release|Any CPU
		{B15CB373-C0CC-4C0F-995A-7EFC5046C4E8}.Ad-Hoc|x64.ActiveCfg = Release|Any CPU
		{B15CB373-C0CC-4C0F-995A-7EFC5046C4E8}.Ad-Hoc|x64.Build.0 = Release|Any CPU
		{B15CB373-C0CC-4C0F-995A-7EFC5046C4E8}.Ad-Hoc|x64.Deploy.0 = Release|Any CPU
		{B15CB373-C0CC-4C0F-995A-7EFC5046C4E8}.Ad-Hoc|x86.ActiveCfg = Release|Any CPU
		{B15CB373-C0CC-4C0F-995A-7EFC5046C4E8}.Ad-Hoc|x86.Build.0 = Release|Any CPU
		{B15CB373-C0CC-4C0F-995A-7EFC5046C4E8}.Ad-Hoc|x86.Deploy.0 = Release|Any CPU
		{B15CB373-C0CC-4C0F-995A-7EFC5046C4E8}.AppStore|Any CPU.ActiveCfg = Release|Any CPU
		{B15CB373-C0CC-4C0F-995A-7EFC5046C4E8}.AppStore|Any CPU.Build.0 = Release|Any CPU
		{B15CB373-C0CC-4C0F-995A-7EFC5046C4E8}.AppStore|Any CPU.Deploy.0 = Release|Any CPU
		{B15CB373-C0CC-4C0F-995A-7EFC5046C4E8}.AppStore|ARM.ActiveCfg = Release|Any CPU
		{B15CB373-C0CC-4C0F-995A-7EFC5046C4E8}.AppStore|ARM.Build.0 = Release|Any CPU
		{B15CB373-C0CC-4C0F-995A-7EFC5046C4E8}.AppStore|ARM.Deploy.0 = Release|Any CPU
		{B15CB373-C0CC-4C0F-995A-7EFC5046C4E8}.AppStore|iPhone.ActiveCfg = Release|Any CPU
		{B15CB373-C0CC-4C0F-995A-7EFC5046C4E8}.AppStore|iPhone.Build.0 = Release|Any CPU
		{B15CB373-C0CC-4C0F-995A-7EFC5046C4E8}.AppStore|iPhone.Deploy.0 = Release|Any CPU
		{B15CB373-C0CC-4C0F-995A-7EFC5046C4E8}.AppStore|iPhoneSimulator.ActiveCfg = Release|Any CPU
		{B15CB373-C0CC-4C0F-995A-7EFC5046C4E8}.AppStore|iPhoneSimulator.Build.0 = Release|Any CPU
		{B15CB373-C0CC-4C0F-995A-7EFC5046C4E8}.AppStore|iPhoneSimulator.Deploy.0 = Release|Any CPU
		{B15CB373-C0CC-4C0F-995A-7EFC5046C4E8}.AppStore|x64.ActiveCfg = Release|Any CPU
		{B15CB373-C0CC-4C0F-995A-7EFC5046C4E8}.AppStore|x64.Build.0 = Release|Any CPU
		{B15CB373-C0CC-4C0F-995A-7EFC5046C4E8}.AppStore|x64.Deploy.0 = Release|Any CPU
		{B15CB373-C0CC-4C0F-995A-7EFC5046C4E8}.AppStore|x86.ActiveCfg = Release|Any CPU
		{B15CB373-C0CC-4C0F-995A-7EFC5046C4E8}.AppStore|x86.Build.0 = Release|Any CPU
		{B15CB373-C0CC-4C0F-995A-7EFC5046C4E8}.AppStore|x86.Deploy.0 = Release|Any CPU
		{B15CB373-C0CC-4C0F-995A-7EFC5046C4E8}.Debug|Any CPU.ActiveCfg = Debug|Any CPU
		{B15CB373-C0CC-4C0F-995A-7EFC5046C4E8}.Debug|Any CPU.Build.0 = Debug|Any CPU
		{B15CB373-C0CC-4C0F-995A-7EFC5046C4E8}.Debug|Any CPU.Deploy.0 = Debug|Any CPU
		{B15CB373-C0CC-4C0F-995A-7EFC5046C4E8}.Debug|ARM.ActiveCfg = Debug|Any CPU
		{B15CB373-C0CC-4C0F-995A-7EFC5046C4E8}.Debug|ARM.Build.0 = Debug|Any CPU
		{B15CB373-C0CC-4C0F-995A-7EFC5046C4E8}.Debug|ARM.Deploy.0 = Debug|Any CPU
		{B15CB373-C0CC-4C0F-995A-7EFC5046C4E8}.Debug|iPhone.ActiveCfg = Debug|Any CPU
		{B15CB373-C0CC-4C0F-995A-7EFC5046C4E8}.Debug|iPhone.Build.0 = Debug|Any CPU
		{B15CB373-C0CC-4C0F-995A-7EFC5046C4E8}.Debug|iPhone.Deploy.0 = Debug|Any CPU
		{B15CB373-C0CC-4C0F-995A-7EFC5046C4E8}.Debug|iPhoneSimulator.ActiveCfg = Debug|Any CPU
		{B15CB373-C0CC-4C0F-995A-7EFC5046C4E8}.Debug|iPhoneSimulator.Build.0 = Debug|Any CPU
		{B15CB373-C0CC-4C0F-995A-7EFC5046C4E8}.Debug|iPhoneSimulator.Deploy.0 = Debug|Any CPU
		{B15CB373-C0CC-4C0F-995A-7EFC5046C4E8}.Debug|x64.ActiveCfg = Debug|Any CPU
		{B15CB373-C0CC-4C0F-995A-7EFC5046C4E8}.Debug|x64.Build.0 = Debug|Any CPU
		{B15CB373-C0CC-4C0F-995A-7EFC5046C4E8}.Debug|x64.Deploy.0 = Debug|Any CPU
		{B15CB373-C0CC-4C0F-995A-7EFC5046C4E8}.Debug|x86.ActiveCfg = Debug|Any CPU
		{B15CB373-C0CC-4C0F-995A-7EFC5046C4E8}.Debug|x86.Build.0 = Debug|Any CPU
		{B15CB373-C0CC-4C0F-995A-7EFC5046C4E8}.Debug|x86.Deploy.0 = Debug|Any CPU
		{B15CB373-C0CC-4C0F-995A-7EFC5046C4E8}.Release|Any CPU.ActiveCfg = Release|Any CPU
		{B15CB373-C0CC-4C0F-995A-7EFC5046C4E8}.Release|Any CPU.Build.0 = Release|Any CPU
		{B15CB373-C0CC-4C0F-995A-7EFC5046C4E8}.Release|Any CPU.Deploy.0 = Release|Any CPU
		{B15CB373-C0CC-4C0F-995A-7EFC5046C4E8}.Release|ARM.ActiveCfg = Release|Any CPU
		{B15CB373-C0CC-4C0F-995A-7EFC5046C4E8}.Release|ARM.Build.0 = Release|Any CPU
		{B15CB373-C0CC-4C0F-995A-7EFC5046C4E8}.Release|ARM.Deploy.0 = Release|Any CPU
		{B15CB373-C0CC-4C0F-995A-7EFC5046C4E8}.Release|iPhone.ActiveCfg = Release|Any CPU
		{B15CB373-C0CC-4C0F-995A-7EFC5046C4E8}.Release|iPhone.Build.0 = Release|Any CPU
		{B15CB373-C0CC-4C0F-995A-7EFC5046C4E8}.Release|iPhone.Deploy.0 = Release|Any CPU
		{B15CB373-C0CC-4C0F-995A-7EFC5046C4E8}.Release|iPhoneSimulator.ActiveCfg = Release|Any CPU
		{B15CB373-C0CC-4C0F-995A-7EFC5046C4E8}.Release|iPhoneSimulator.Build.0 = Release|Any CPU
		{B15CB373-C0CC-4C0F-995A-7EFC5046C4E8}.Release|iPhoneSimulator.Deploy.0 = Release|Any CPU
		{B15CB373-C0CC-4C0F-995A-7EFC5046C4E8}.Release|x64.ActiveCfg = Release|Any CPU
		{B15CB373-C0CC-4C0F-995A-7EFC5046C4E8}.Release|x64.Build.0 = Release|Any CPU
		{B15CB373-C0CC-4C0F-995A-7EFC5046C4E8}.Release|x64.Deploy.0 = Release|Any CPU
		{B15CB373-C0CC-4C0F-995A-7EFC5046C4E8}.Release|x86.ActiveCfg = Release|Any CPU
		{B15CB373-C0CC-4C0F-995A-7EFC5046C4E8}.Release|x86.Build.0 = Release|Any CPU
		{B15CB373-C0CC-4C0F-995A-7EFC5046C4E8}.Release|x86.Deploy.0 = Release|Any CPU
		{E04D0472-8449-4E47-8A85-C57C6E48F448}.Ad-Hoc|Any CPU.ActiveCfg = Ad-Hoc|iPhone
		{E04D0472-8449-4E47-8A85-C57C6E48F448}.Ad-Hoc|ARM.ActiveCfg = Ad-Hoc|iPhone
		{E04D0472-8449-4E47-8A85-C57C6E48F448}.Ad-Hoc|iPhone.ActiveCfg = Ad-Hoc|iPhone
		{E04D0472-8449-4E47-8A85-C57C6E48F448}.Ad-Hoc|iPhone.Build.0 = Ad-Hoc|iPhone
		{E04D0472-8449-4E47-8A85-C57C6E48F448}.Ad-Hoc|iPhoneSimulator.ActiveCfg = Ad-Hoc|iPhoneSimulator
		{E04D0472-8449-4E47-8A85-C57C6E48F448}.Ad-Hoc|iPhoneSimulator.Build.0 = Ad-Hoc|iPhoneSimulator
		{E04D0472-8449-4E47-8A85-C57C6E48F448}.Ad-Hoc|x64.ActiveCfg = Ad-Hoc|iPhone
		{E04D0472-8449-4E47-8A85-C57C6E48F448}.Ad-Hoc|x86.ActiveCfg = Ad-Hoc|iPhone
		{E04D0472-8449-4E47-8A85-C57C6E48F448}.AppStore|Any CPU.ActiveCfg = AppStore|iPhone
		{E04D0472-8449-4E47-8A85-C57C6E48F448}.AppStore|ARM.ActiveCfg = AppStore|iPhone
		{E04D0472-8449-4E47-8A85-C57C6E48F448}.AppStore|iPhone.ActiveCfg = AppStore|iPhone
		{E04D0472-8449-4E47-8A85-C57C6E48F448}.AppStore|iPhone.Build.0 = AppStore|iPhone
		{E04D0472-8449-4E47-8A85-C57C6E48F448}.AppStore|iPhoneSimulator.ActiveCfg = AppStore|iPhoneSimulator
		{E04D0472-8449-4E47-8A85-C57C6E48F448}.AppStore|iPhoneSimulator.Build.0 = AppStore|iPhoneSimulator
		{E04D0472-8449-4E47-8A85-C57C6E48F448}.AppStore|x64.ActiveCfg = AppStore|iPhone
		{E04D0472-8449-4E47-8A85-C57C6E48F448}.AppStore|x86.ActiveCfg = AppStore|iPhone
		{E04D0472-8449-4E47-8A85-C57C6E48F448}.Debug|Any CPU.ActiveCfg = Debug|iPhone
		{E04D0472-8449-4E47-8A85-C57C6E48F448}.Debug|ARM.ActiveCfg = Debug|iPhone
		{E04D0472-8449-4E47-8A85-C57C6E48F448}.Debug|iPhone.ActiveCfg = Debug|iPhone
		{E04D0472-8449-4E47-8A85-C57C6E48F448}.Debug|iPhone.Build.0 = Debug|iPhone
		{E04D0472-8449-4E47-8A85-C57C6E48F448}.Debug|iPhoneSimulator.ActiveCfg = Debug|iPhoneSimulator
		{E04D0472-8449-4E47-8A85-C57C6E48F448}.Debug|iPhoneSimulator.Build.0 = Debug|iPhoneSimulator
		{E04D0472-8449-4E47-8A85-C57C6E48F448}.Debug|x64.ActiveCfg = Debug|iPhone
		{E04D0472-8449-4E47-8A85-C57C6E48F448}.Debug|x86.ActiveCfg = Debug|iPhone
		{E04D0472-8449-4E47-8A85-C57C6E48F448}.Release|Any CPU.ActiveCfg = Release|iPhone
		{E04D0472-8449-4E47-8A85-C57C6E48F448}.Release|ARM.ActiveCfg = Release|iPhone
		{E04D0472-8449-4E47-8A85-C57C6E48F448}.Release|iPhone.ActiveCfg = Release|iPhone
		{E04D0472-8449-4E47-8A85-C57C6E48F448}.Release|iPhone.Build.0 = Release|iPhone
		{E04D0472-8449-4E47-8A85-C57C6E48F448}.Release|iPhoneSimulator.ActiveCfg = Release|iPhoneSimulator
		{E04D0472-8449-4E47-8A85-C57C6E48F448}.Release|iPhoneSimulator.Build.0 = Release|iPhoneSimulator
		{E04D0472-8449-4E47-8A85-C57C6E48F448}.Release|x64.ActiveCfg = Release|iPhone
		{E04D0472-8449-4E47-8A85-C57C6E48F448}.Release|x86.ActiveCfg = Release|iPhone
		{CEB7BE20-28D2-45BE-95AD-FB8C68F9812A}.Ad-Hoc|Any CPU.ActiveCfg = Release|Any CPU
		{CEB7BE20-28D2-45BE-95AD-FB8C68F9812A}.Ad-Hoc|Any CPU.Build.0 = Release|Any CPU
		{CEB7BE20-28D2-45BE-95AD-FB8C68F9812A}.Ad-Hoc|Any CPU.Deploy.0 = Release|Any CPU
		{CEB7BE20-28D2-45BE-95AD-FB8C68F9812A}.Ad-Hoc|ARM.ActiveCfg = Release|ARM
		{CEB7BE20-28D2-45BE-95AD-FB8C68F9812A}.Ad-Hoc|ARM.Build.0 = Release|ARM
		{CEB7BE20-28D2-45BE-95AD-FB8C68F9812A}.Ad-Hoc|ARM.Deploy.0 = Release|ARM
		{CEB7BE20-28D2-45BE-95AD-FB8C68F9812A}.Ad-Hoc|iPhone.ActiveCfg = Release|Any CPU
		{CEB7BE20-28D2-45BE-95AD-FB8C68F9812A}.Ad-Hoc|iPhone.Build.0 = Release|Any CPU
		{CEB7BE20-28D2-45BE-95AD-FB8C68F9812A}.Ad-Hoc|iPhone.Deploy.0 = Release|Any CPU
		{CEB7BE20-28D2-45BE-95AD-FB8C68F9812A}.Ad-Hoc|iPhoneSimulator.ActiveCfg = Release|Any CPU
		{CEB7BE20-28D2-45BE-95AD-FB8C68F9812A}.Ad-Hoc|iPhoneSimulator.Build.0 = Release|Any CPU
		{CEB7BE20-28D2-45BE-95AD-FB8C68F9812A}.Ad-Hoc|iPhoneSimulator.Deploy.0 = Release|Any CPU
		{CEB7BE20-28D2-45BE-95AD-FB8C68F9812A}.Ad-Hoc|x64.ActiveCfg = Release|Any CPU
		{CEB7BE20-28D2-45BE-95AD-FB8C68F9812A}.Ad-Hoc|x64.Build.0 = Release|Any CPU
		{CEB7BE20-28D2-45BE-95AD-FB8C68F9812A}.Ad-Hoc|x64.Deploy.0 = Release|Any CPU
		{CEB7BE20-28D2-45BE-95AD-FB8C68F9812A}.Ad-Hoc|x86.ActiveCfg = Release|x86
		{CEB7BE20-28D2-45BE-95AD-FB8C68F9812A}.Ad-Hoc|x86.Build.0 = Release|x86
		{CEB7BE20-28D2-45BE-95AD-FB8C68F9812A}.Ad-Hoc|x86.Deploy.0 = Release|x86
		{CEB7BE20-28D2-45BE-95AD-FB8C68F9812A}.AppStore|Any CPU.ActiveCfg = Release|Any CPU
		{CEB7BE20-28D2-45BE-95AD-FB8C68F9812A}.AppStore|Any CPU.Build.0 = Release|Any CPU
		{CEB7BE20-28D2-45BE-95AD-FB8C68F9812A}.AppStore|Any CPU.Deploy.0 = Release|Any CPU
		{CEB7BE20-28D2-45BE-95AD-FB8C68F9812A}.AppStore|ARM.ActiveCfg = Release|ARM
		{CEB7BE20-28D2-45BE-95AD-FB8C68F9812A}.AppStore|ARM.Build.0 = Release|ARM
		{CEB7BE20-28D2-45BE-95AD-FB8C68F9812A}.AppStore|ARM.Deploy.0 = Release|ARM
		{CEB7BE20-28D2-45BE-95AD-FB8C68F9812A}.AppStore|iPhone.ActiveCfg = Release|Any CPU
		{CEB7BE20-28D2-45BE-95AD-FB8C68F9812A}.AppStore|iPhone.Build.0 = Release|Any CPU
		{CEB7BE20-28D2-45BE-95AD-FB8C68F9812A}.AppStore|iPhone.Deploy.0 = Release|Any CPU
		{CEB7BE20-28D2-45BE-95AD-FB8C68F9812A}.AppStore|iPhoneSimulator.ActiveCfg = Release|Any CPU
		{CEB7BE20-28D2-45BE-95AD-FB8C68F9812A}.AppStore|iPhoneSimulator.Build.0 = Release|Any CPU
		{CEB7BE20-28D2-45BE-95AD-FB8C68F9812A}.AppStore|iPhoneSimulator.Deploy.0 = Release|Any CPU
		{CEB7BE20-28D2-45BE-95AD-FB8C68F9812A}.AppStore|x64.ActiveCfg = Release|Any CPU
		{CEB7BE20-28D2-45BE-95AD-FB8C68F9812A}.AppStore|x64.Build.0 = Release|Any CPU
		{CEB7BE20-28D2-45BE-95AD-FB8C68F9812A}.AppStore|x64.Deploy.0 = Release|Any CPU
		{CEB7BE20-28D2-45BE-95AD-FB8C68F9812A}.AppStore|x86.ActiveCfg = Release|x86
		{CEB7BE20-28D2-45BE-95AD-FB8C68F9812A}.AppStore|x86.Build.0 = Release|x86
		{CEB7BE20-28D2-45BE-95AD-FB8C68F9812A}.AppStore|x86.Deploy.0 = Release|x86
		{CEB7BE20-28D2-45BE-95AD-FB8C68F9812A}.Debug|Any CPU.ActiveCfg = Debug|Any CPU
		{CEB7BE20-28D2-45BE-95AD-FB8C68F9812A}.Debug|Any CPU.Build.0 = Debug|Any CPU
		{CEB7BE20-28D2-45BE-95AD-FB8C68F9812A}.Debug|Any CPU.Deploy.0 = Debug|Any CPU
		{CEB7BE20-28D2-45BE-95AD-FB8C68F9812A}.Debug|ARM.ActiveCfg = Debug|ARM
		{CEB7BE20-28D2-45BE-95AD-FB8C68F9812A}.Debug|ARM.Build.0 = Debug|ARM
		{CEB7BE20-28D2-45BE-95AD-FB8C68F9812A}.Debug|ARM.Deploy.0 = Debug|ARM
		{CEB7BE20-28D2-45BE-95AD-FB8C68F9812A}.Debug|iPhone.ActiveCfg = Debug|Any CPU
		{CEB7BE20-28D2-45BE-95AD-FB8C68F9812A}.Debug|iPhone.Build.0 = Debug|Any CPU
		{CEB7BE20-28D2-45BE-95AD-FB8C68F9812A}.Debug|iPhone.Deploy.0 = Debug|Any CPU
		{CEB7BE20-28D2-45BE-95AD-FB8C68F9812A}.Debug|iPhoneSimulator.ActiveCfg = Debug|Any CPU
		{CEB7BE20-28D2-45BE-95AD-FB8C68F9812A}.Debug|iPhoneSimulator.Build.0 = Debug|Any CPU
		{CEB7BE20-28D2-45BE-95AD-FB8C68F9812A}.Debug|iPhoneSimulator.Deploy.0 = Debug|Any CPU
		{CEB7BE20-28D2-45BE-95AD-FB8C68F9812A}.Debug|x64.ActiveCfg = Debug|Any CPU
		{CEB7BE20-28D2-45BE-95AD-FB8C68F9812A}.Debug|x64.Build.0 = Debug|Any CPU
		{CEB7BE20-28D2-45BE-95AD-FB8C68F9812A}.Debug|x64.Deploy.0 = Debug|Any CPU
		{CEB7BE20-28D2-45BE-95AD-FB8C68F9812A}.Debug|x86.ActiveCfg = Debug|x86
		{CEB7BE20-28D2-45BE-95AD-FB8C68F9812A}.Debug|x86.Build.0 = Debug|x86
		{CEB7BE20-28D2-45BE-95AD-FB8C68F9812A}.Debug|x86.Deploy.0 = Debug|x86
		{CEB7BE20-28D2-45BE-95AD-FB8C68F9812A}.Release|Any CPU.ActiveCfg = Release|Any CPU
		{CEB7BE20-28D2-45BE-95AD-FB8C68F9812A}.Release|Any CPU.Build.0 = Release|Any CPU
		{CEB7BE20-28D2-45BE-95AD-FB8C68F9812A}.Release|Any CPU.Deploy.0 = Release|Any CPU
		{CEB7BE20-28D2-45BE-95AD-FB8C68F9812A}.Release|ARM.ActiveCfg = Release|ARM
		{CEB7BE20-28D2-45BE-95AD-FB8C68F9812A}.Release|ARM.Build.0 = Release|ARM
		{CEB7BE20-28D2-45BE-95AD-FB8C68F9812A}.Release|ARM.Deploy.0 = Release|ARM
		{CEB7BE20-28D2-45BE-95AD-FB8C68F9812A}.Release|iPhone.ActiveCfg = Release|Any CPU
		{CEB7BE20-28D2-45BE-95AD-FB8C68F9812A}.Release|iPhone.Build.0 = Release|Any CPU
		{CEB7BE20-28D2-45BE-95AD-FB8C68F9812A}.Release|iPhone.Deploy.0 = Release|Any CPU
		{CEB7BE20-28D2-45BE-95AD-FB8C68F9812A}.Release|iPhoneSimulator.ActiveCfg = Release|Any CPU
		{CEB7BE20-28D2-45BE-95AD-FB8C68F9812A}.Release|iPhoneSimulator.Build.0 = Release|Any CPU
		{CEB7BE20-28D2-45BE-95AD-FB8C68F9812A}.Release|iPhoneSimulator.Deploy.0 = Release|Any CPU
		{CEB7BE20-28D2-45BE-95AD-FB8C68F9812A}.Release|x64.ActiveCfg = Release|Any CPU
		{CEB7BE20-28D2-45BE-95AD-FB8C68F9812A}.Release|x64.Build.0 = Release|Any CPU
		{CEB7BE20-28D2-45BE-95AD-FB8C68F9812A}.Release|x64.Deploy.0 = Release|Any CPU
		{CEB7BE20-28D2-45BE-95AD-FB8C68F9812A}.Release|x86.ActiveCfg = Release|x86
		{CEB7BE20-28D2-45BE-95AD-FB8C68F9812A}.Release|x86.Build.0 = Release|x86
		{CEB7BE20-28D2-45BE-95AD-FB8C68F9812A}.Release|x86.Deploy.0 = Release|x86
		{8D7A4F30-EA95-4716-95BA-306F60EF683F}.Ad-Hoc|Any CPU.ActiveCfg = Release|x86
		{8D7A4F30-EA95-4716-95BA-306F60EF683F}.Ad-Hoc|Any CPU.Build.0 = Release|x86
		{8D7A4F30-EA95-4716-95BA-306F60EF683F}.Ad-Hoc|Any CPU.Deploy.0 = Release|x86
		{8D7A4F30-EA95-4716-95BA-306F60EF683F}.Ad-Hoc|ARM.ActiveCfg = Release|ARM
		{8D7A4F30-EA95-4716-95BA-306F60EF683F}.Ad-Hoc|ARM.Build.0 = Release|ARM
		{8D7A4F30-EA95-4716-95BA-306F60EF683F}.Ad-Hoc|ARM.Deploy.0 = Release|ARM
		{8D7A4F30-EA95-4716-95BA-306F60EF683F}.Ad-Hoc|iPhone.ActiveCfg = Release|x86
		{8D7A4F30-EA95-4716-95BA-306F60EF683F}.Ad-Hoc|iPhone.Build.0 = Release|x86
		{8D7A4F30-EA95-4716-95BA-306F60EF683F}.Ad-Hoc|iPhone.Deploy.0 = Release|x86
		{8D7A4F30-EA95-4716-95BA-306F60EF683F}.Ad-Hoc|iPhoneSimulator.ActiveCfg = Release|x86
		{8D7A4F30-EA95-4716-95BA-306F60EF683F}.Ad-Hoc|iPhoneSimulator.Build.0 = Release|x86
		{8D7A4F30-EA95-4716-95BA-306F60EF683F}.Ad-Hoc|iPhoneSimulator.Deploy.0 = Release|x86
		{8D7A4F30-EA95-4716-95BA-306F60EF683F}.Ad-Hoc|x64.ActiveCfg = Release|x64
		{8D7A4F30-EA95-4716-95BA-306F60EF683F}.Ad-Hoc|x64.Build.0 = Release|x64
		{8D7A4F30-EA95-4716-95BA-306F60EF683F}.Ad-Hoc|x64.Deploy.0 = Release|x64
		{8D7A4F30-EA95-4716-95BA-306F60EF683F}.Ad-Hoc|x86.ActiveCfg = Release|x86
		{8D7A4F30-EA95-4716-95BA-306F60EF683F}.Ad-Hoc|x86.Build.0 = Release|x86
		{8D7A4F30-EA95-4716-95BA-306F60EF683F}.Ad-Hoc|x86.Deploy.0 = Release|x86
		{8D7A4F30-EA95-4716-95BA-306F60EF683F}.AppStore|Any CPU.ActiveCfg = Release|x86
		{8D7A4F30-EA95-4716-95BA-306F60EF683F}.AppStore|Any CPU.Build.0 = Release|x86
		{8D7A4F30-EA95-4716-95BA-306F60EF683F}.AppStore|Any CPU.Deploy.0 = Release|x86
		{8D7A4F30-EA95-4716-95BA-306F60EF683F}.AppStore|ARM.ActiveCfg = Release|ARM
		{8D7A4F30-EA95-4716-95BA-306F60EF683F}.AppStore|ARM.Build.0 = Release|ARM
		{8D7A4F30-EA95-4716-95BA-306F60EF683F}.AppStore|ARM.Deploy.0 = Release|ARM
		{8D7A4F30-EA95-4716-95BA-306F60EF683F}.AppStore|iPhone.ActiveCfg = Release|x86
		{8D7A4F30-EA95-4716-95BA-306F60EF683F}.AppStore|iPhone.Build.0 = Release|x86
		{8D7A4F30-EA95-4716-95BA-306F60EF683F}.AppStore|iPhone.Deploy.0 = Release|x86
		{8D7A4F30-EA95-4716-95BA-306F60EF683F}.AppStore|iPhoneSimulator.ActiveCfg = Release|x86
		{8D7A4F30-EA95-4716-95BA-306F60EF683F}.AppStore|iPhoneSimulator.Build.0 = Release|x86
		{8D7A4F30-EA95-4716-95BA-306F60EF683F}.AppStore|iPhoneSimulator.Deploy.0 = Release|x86
		{8D7A4F30-EA95-4716-95BA-306F60EF683F}.AppStore|x64.ActiveCfg = Release|x64
		{8D7A4F30-EA95-4716-95BA-306F60EF683F}.AppStore|x64.Build.0 = Release|x64
		{8D7A4F30-EA95-4716-95BA-306F60EF683F}.AppStore|x64.Deploy.0 = Release|x64
		{8D7A4F30-EA95-4716-95BA-306F60EF683F}.AppStore|x86.ActiveCfg = Release|x86
		{8D7A4F30-EA95-4716-95BA-306F60EF683F}.AppStore|x86.Build.0 = Release|x86
		{8D7A4F30-EA95-4716-95BA-306F60EF683F}.AppStore|x86.Deploy.0 = Release|x86
		{8D7A4F30-EA95-4716-95BA-306F60EF683F}.Debug|Any CPU.ActiveCfg = Debug|x86
		{8D7A4F30-EA95-4716-95BA-306F60EF683F}.Debug|ARM.ActiveCfg = Debug|ARM
		{8D7A4F30-EA95-4716-95BA-306F60EF683F}.Debug|ARM.Build.0 = Debug|ARM
		{8D7A4F30-EA95-4716-95BA-306F60EF683F}.Debug|ARM.Deploy.0 = Debug|ARM
		{8D7A4F30-EA95-4716-95BA-306F60EF683F}.Debug|iPhone.ActiveCfg = Debug|x86
		{8D7A4F30-EA95-4716-95BA-306F60EF683F}.Debug|iPhoneSimulator.ActiveCfg = Debug|x86
		{8D7A4F30-EA95-4716-95BA-306F60EF683F}.Debug|x64.ActiveCfg = Debug|x64
		{8D7A4F30-EA95-4716-95BA-306F60EF683F}.Debug|x64.Build.0 = Debug|x64
		{8D7A4F30-EA95-4716-95BA-306F60EF683F}.Debug|x64.Deploy.0 = Debug|x64
		{8D7A4F30-EA95-4716-95BA-306F60EF683F}.Debug|x86.ActiveCfg = Debug|x86
		{8D7A4F30-EA95-4716-95BA-306F60EF683F}.Debug|x86.Build.0 = Debug|x86
		{8D7A4F30-EA95-4716-95BA-306F60EF683F}.Debug|x86.Deploy.0 = Debug|x86
		{8D7A4F30-EA95-4716-95BA-306F60EF683F}.Release|Any CPU.ActiveCfg = Release|x86
		{8D7A4F30-EA95-4716-95BA-306F60EF683F}.Release|ARM.ActiveCfg = Release|ARM
		{8D7A4F30-EA95-4716-95BA-306F60EF683F}.Release|ARM.Build.0 = Release|ARM
		{8D7A4F30-EA95-4716-95BA-306F60EF683F}.Release|ARM.Deploy.0 = Release|ARM
		{8D7A4F30-EA95-4716-95BA-306F60EF683F}.Release|iPhone.ActiveCfg = Release|x86
		{8D7A4F30-EA95-4716-95BA-306F60EF683F}.Release|iPhoneSimulator.ActiveCfg = Release|x86
		{8D7A4F30-EA95-4716-95BA-306F60EF683F}.Release|x64.ActiveCfg = Release|x64
		{8D7A4F30-EA95-4716-95BA-306F60EF683F}.Release|x64.Build.0 = Release|x64
		{8D7A4F30-EA95-4716-95BA-306F60EF683F}.Release|x64.Deploy.0 = Release|x64
		{8D7A4F30-EA95-4716-95BA-306F60EF683F}.Release|x86.ActiveCfg = Release|x86
		{8D7A4F30-EA95-4716-95BA-306F60EF683F}.Release|x86.Build.0 = Release|x86
		{8D7A4F30-EA95-4716-95BA-306F60EF683F}.Release|x86.Deploy.0 = Release|x86
		{1E244440-6B4D-4473-8C78-FC2FC92B6624}.Ad-Hoc|Any CPU.ActiveCfg = Release|Any CPU
		{1E244440-6B4D-4473-8C78-FC2FC92B6624}.Ad-Hoc|Any CPU.Build.0 = Release|Any CPU
		{1E244440-6B4D-4473-8C78-FC2FC92B6624}.Ad-Hoc|Any CPU.Deploy.0 = Release|Any CPU
		{1E244440-6B4D-4473-8C78-FC2FC92B6624}.Ad-Hoc|ARM.ActiveCfg = Release|ARM
		{1E244440-6B4D-4473-8C78-FC2FC92B6624}.Ad-Hoc|ARM.Build.0 = Release|ARM
		{1E244440-6B4D-4473-8C78-FC2FC92B6624}.Ad-Hoc|ARM.Deploy.0 = Release|ARM
		{1E244440-6B4D-4473-8C78-FC2FC92B6624}.Ad-Hoc|iPhone.ActiveCfg = Release|Any CPU
		{1E244440-6B4D-4473-8C78-FC2FC92B6624}.Ad-Hoc|iPhone.Build.0 = Release|Any CPU
		{1E244440-6B4D-4473-8C78-FC2FC92B6624}.Ad-Hoc|iPhone.Deploy.0 = Release|Any CPU
		{1E244440-6B4D-4473-8C78-FC2FC92B6624}.Ad-Hoc|iPhoneSimulator.ActiveCfg = Release|Any CPU
		{1E244440-6B4D-4473-8C78-FC2FC92B6624}.Ad-Hoc|iPhoneSimulator.Build.0 = Release|Any CPU
		{1E244440-6B4D-4473-8C78-FC2FC92B6624}.Ad-Hoc|iPhoneSimulator.Deploy.0 = Release|Any CPU
		{1E244440-6B4D-4473-8C78-FC2FC92B6624}.Ad-Hoc|x64.ActiveCfg = Release|x64
		{1E244440-6B4D-4473-8C78-FC2FC92B6624}.Ad-Hoc|x64.Build.0 = Release|x64
		{1E244440-6B4D-4473-8C78-FC2FC92B6624}.Ad-Hoc|x64.Deploy.0 = Release|x64
		{1E244440-6B4D-4473-8C78-FC2FC92B6624}.Ad-Hoc|x86.ActiveCfg = Release|x86
		{1E244440-6B4D-4473-8C78-FC2FC92B6624}.Ad-Hoc|x86.Build.0 = Release|x86
		{1E244440-6B4D-4473-8C78-FC2FC92B6624}.Ad-Hoc|x86.Deploy.0 = Release|x86
		{1E244440-6B4D-4473-8C78-FC2FC92B6624}.AppStore|Any CPU.ActiveCfg = Release|Any CPU
		{1E244440-6B4D-4473-8C78-FC2FC92B6624}.AppStore|Any CPU.Build.0 = Release|Any CPU
		{1E244440-6B4D-4473-8C78-FC2FC92B6624}.AppStore|Any CPU.Deploy.0 = Release|Any CPU
		{1E244440-6B4D-4473-8C78-FC2FC92B6624}.AppStore|ARM.ActiveCfg = Release|ARM
		{1E244440-6B4D-4473-8C78-FC2FC92B6624}.AppStore|ARM.Build.0 = Release|ARM
		{1E244440-6B4D-4473-8C78-FC2FC92B6624}.AppStore|ARM.Deploy.0 = Release|ARM
		{1E244440-6B4D-4473-8C78-FC2FC92B6624}.AppStore|iPhone.ActiveCfg = Release|Any CPU
		{1E244440-6B4D-4473-8C78-FC2FC92B6624}.AppStore|iPhone.Build.0 = Release|Any CPU
		{1E244440-6B4D-4473-8C78-FC2FC92B6624}.AppStore|iPhone.Deploy.0 = Release|Any CPU
		{1E244440-6B4D-4473-8C78-FC2FC92B6624}.AppStore|iPhoneSimulator.ActiveCfg = Release|Any CPU
		{1E244440-6B4D-4473-8C78-FC2FC92B6624}.AppStore|iPhoneSimulator.Build.0 = Release|Any CPU
		{1E244440-6B4D-4473-8C78-FC2FC92B6624}.AppStore|iPhoneSimulator.Deploy.0 = Release|Any CPU
		{1E244440-6B4D-4473-8C78-FC2FC92B6624}.AppStore|x64.ActiveCfg = Release|x64
		{1E244440-6B4D-4473-8C78-FC2FC92B6624}.AppStore|x64.Build.0 = Release|x64
		{1E244440-6B4D-4473-8C78-FC2FC92B6624}.AppStore|x64.Deploy.0 = Release|x64
		{1E244440-6B4D-4473-8C78-FC2FC92B6624}.AppStore|x86.ActiveCfg = Release|x86
		{1E244440-6B4D-4473-8C78-FC2FC92B6624}.AppStore|x86.Build.0 = Release|x86
		{1E244440-6B4D-4473-8C78-FC2FC92B6624}.AppStore|x86.Deploy.0 = Release|x86
		{1E244440-6B4D-4473-8C78-FC2FC92B6624}.Debug|Any CPU.ActiveCfg = Debug|Any CPU
		{1E244440-6B4D-4473-8C78-FC2FC92B6624}.Debug|Any CPU.Build.0 = Debug|Any CPU
		{1E244440-6B4D-4473-8C78-FC2FC92B6624}.Debug|Any CPU.Deploy.0 = Debug|Any CPU
		{1E244440-6B4D-4473-8C78-FC2FC92B6624}.Debug|ARM.ActiveCfg = Debug|ARM
		{1E244440-6B4D-4473-8C78-FC2FC92B6624}.Debug|ARM.Build.0 = Debug|ARM
		{1E244440-6B4D-4473-8C78-FC2FC92B6624}.Debug|ARM.Deploy.0 = Debug|ARM
		{1E244440-6B4D-4473-8C78-FC2FC92B6624}.Debug|iPhone.ActiveCfg = Debug|Any CPU
		{1E244440-6B4D-4473-8C78-FC2FC92B6624}.Debug|iPhone.Build.0 = Debug|Any CPU
		{1E244440-6B4D-4473-8C78-FC2FC92B6624}.Debug|iPhone.Deploy.0 = Debug|Any CPU
		{1E244440-6B4D-4473-8C78-FC2FC92B6624}.Debug|iPhoneSimulator.ActiveCfg = Debug|Any CPU
		{1E244440-6B4D-4473-8C78-FC2FC92B6624}.Debug|iPhoneSimulator.Build.0 = Debug|Any CPU
		{1E244440-6B4D-4473-8C78-FC2FC92B6624}.Debug|iPhoneSimulator.Deploy.0 = Debug|Any CPU
		{1E244440-6B4D-4473-8C78-FC2FC92B6624}.Debug|x64.ActiveCfg = Debug|x64
		{1E244440-6B4D-4473-8C78-FC2FC92B6624}.Debug|x64.Build.0 = Debug|x64
		{1E244440-6B4D-4473-8C78-FC2FC92B6624}.Debug|x64.Deploy.0 = Debug|x64
		{1E244440-6B4D-4473-8C78-FC2FC92B6624}.Debug|x86.ActiveCfg = Debug|x86
		{1E244440-6B4D-4473-8C78-FC2FC92B6624}.Debug|x86.Build.0 = Debug|x86
		{1E244440-6B4D-4473-8C78-FC2FC92B6624}.Debug|x86.Deploy.0 = Debug|x86
		{1E244440-6B4D-4473-8C78-FC2FC92B6624}.Release|Any CPU.ActiveCfg = Release|Any CPU
		{1E244440-6B4D-4473-8C78-FC2FC92B6624}.Release|Any CPU.Build.0 = Release|Any CPU
		{1E244440-6B4D-4473-8C78-FC2FC92B6624}.Release|Any CPU.Deploy.0 = Release|Any CPU
		{1E244440-6B4D-4473-8C78-FC2FC92B6624}.Release|ARM.ActiveCfg = Release|ARM
		{1E244440-6B4D-4473-8C78-FC2FC92B6624}.Release|ARM.Build.0 = Release|ARM
		{1E244440-6B4D-4473-8C78-FC2FC92B6624}.Release|ARM.Deploy.0 = Release|ARM
		{1E244440-6B4D-4473-8C78-FC2FC92B6624}.Release|iPhone.ActiveCfg = Release|Any CPU
		{1E244440-6B4D-4473-8C78-FC2FC92B6624}.Release|iPhone.Build.0 = Release|Any CPU
		{1E244440-6B4D-4473-8C78-FC2FC92B6624}.Release|iPhone.Deploy.0 = Release|Any CPU
		{1E244440-6B4D-4473-8C78-FC2FC92B6624}.Release|iPhoneSimulator.ActiveCfg = Release|Any CPU
		{1E244440-6B4D-4473-8C78-FC2FC92B6624}.Release|iPhoneSimulator.Build.0 = Release|Any CPU
		{1E244440-6B4D-4473-8C78-FC2FC92B6624}.Release|iPhoneSimulator.Deploy.0 = Release|Any CPU
		{1E244440-6B4D-4473-8C78-FC2FC92B6624}.Release|x64.ActiveCfg = Release|x64
		{1E244440-6B4D-4473-8C78-FC2FC92B6624}.Release|x64.Build.0 = Release|x64
		{1E244440-6B4D-4473-8C78-FC2FC92B6624}.Release|x64.Deploy.0 = Release|x64
		{1E244440-6B4D-4473-8C78-FC2FC92B6624}.Release|x86.ActiveCfg = Release|x86
		{1E244440-6B4D-4473-8C78-FC2FC92B6624}.Release|x86.Build.0 = Release|x86
		{1E244440-6B4D-4473-8C78-FC2FC92B6624}.Release|x86.Deploy.0 = Release|x86
	EndGlobalSection
	GlobalSection(SolutionProperties) = preSolution
		HideSolutionNode = FALSE
	EndGlobalSection
EndGlobal
